// !$*UTF8*$!
{
	archiveVersion = 1;
	classes = {
	};
	objectVersion = 50;
	objects = {

/* Begin PBXBuildFile section */
		C410B75622F44B79007C2822 /* LaunchScreenViewController.swift in Sources */ = {isa = PBXBuildFile; fileRef = C410B75522F44B79007C2822 /* LaunchScreenViewController.swift */; };
		C410B75822F44C2E007C2822 /* UIViewControllerExtensions.swift in Sources */ = {isa = PBXBuildFile; fileRef = C410B75722F44C2E007C2822 /* UIViewControllerExtensions.swift */; };
		C410B75C22F44EE5007C2822 /* MainPageViewController.swift in Sources */ = {isa = PBXBuildFile; fileRef = C410B75B22F44EE5007C2822 /* MainPageViewController.swift */; };
		C410B75E22F45140007C2822 /* HourlyWeatherCollectionViewController.swift in Sources */ = {isa = PBXBuildFile; fileRef = C410B75D22F45140007C2822 /* HourlyWeatherCollectionViewController.swift */; };
		C410B76122F45185007C2822 /* HourlyWeatherCollectionViewCell.swift in Sources */ = {isa = PBXBuildFile; fileRef = C410B75F22F45185007C2822 /* HourlyWeatherCollectionViewCell.swift */; };
		C410B76222F45185007C2822 /* HourlyWeatherCollectionViewCell.xib in Resources */ = {isa = PBXBuildFile; fileRef = C410B76022F45185007C2822 /* HourlyWeatherCollectionViewCell.xib */; };
		C410B76422F451E9007C2822 /* UICollectionViewExtensions.swift in Sources */ = {isa = PBXBuildFile; fileRef = C410B76322F451E9007C2822 /* UICollectionViewExtensions.swift */; };
		C410B76B22F48E09007C2822 /* PageControl.swift in Sources */ = {isa = PBXBuildFile; fileRef = C410B76A22F48E09007C2822 /* PageControl.swift */; };
		C410B76D22F51B5E007C2822 /* Image.swift in Sources */ = {isa = PBXBuildFile; fileRef = C410B76C22F51B5E007C2822 /* Image.swift */; };
		C410B76F22F52A4B007C2822 /* UIColorExtensions.swift in Sources */ = {isa = PBXBuildFile; fileRef = C410B76E22F52A4B007C2822 /* UIColorExtensions.swift */; };
		C410B77522F52F72007C2822 /* MainViewController.xib in Resources */ = {isa = PBXBuildFile; fileRef = C410B77322F52F72007C2822 /* MainViewController.xib */; };
		C410B77922F5463B007C2822 /* CityTableViewController.swift in Sources */ = {isa = PBXBuildFile; fileRef = C410B77722F5463B007C2822 /* CityTableViewController.swift */; };
		C410B77D22F549A6007C2822 /* CityTableViewCell.swift in Sources */ = {isa = PBXBuildFile; fileRef = C410B77B22F549A6007C2822 /* CityTableViewCell.swift */; };
		C410B77E22F549A6007C2822 /* CityTableViewCell.xib in Resources */ = {isa = PBXBuildFile; fileRef = C410B77C22F549A6007C2822 /* CityTableViewCell.xib */; };
		C410B78022F554C4007C2822 /* NoticiationName.swift in Sources */ = {isa = PBXBuildFile; fileRef = C410B77F22F554C4007C2822 /* NoticiationName.swift */; };
		C410B78222F56570007C2822 /* DateExtensions.swift in Sources */ = {isa = PBXBuildFile; fileRef = C410B78122F56570007C2822 /* DateExtensions.swift */; };
		C410B78422F56C7D007C2822 /* DateLabel.swift in Sources */ = {isa = PBXBuildFile; fileRef = C410B78322F56C7D007C2822 /* DateLabel.swift */; };
		C410B78722F5744F007C2822 /* Placemark.swift in Sources */ = {isa = PBXBuildFile; fileRef = C410B78622F5744F007C2822 /* Placemark.swift */; };
		C410B78922F5DBCA007C2822 /* UIViewExtensions.swift in Sources */ = {isa = PBXBuildFile; fileRef = C410B78822F5DBCA007C2822 /* UIViewExtensions.swift */; };
		C47732E822F1C1F600EC1D2A /* AppDelegate.swift in Sources */ = {isa = PBXBuildFile; fileRef = C47732E722F1C1F600EC1D2A /* AppDelegate.swift */; };
		C47732ED22F1C1F600EC1D2A /* Main.storyboard in Resources */ = {isa = PBXBuildFile; fileRef = C47732EB22F1C1F600EC1D2A /* Main.storyboard */; };
		C47732EF22F1C1F700EC1D2A /* Assets.xcassets in Resources */ = {isa = PBXBuildFile; fileRef = C47732EE22F1C1F700EC1D2A /* Assets.xcassets */; };
		C47732F222F1C1F700EC1D2A /* LaunchScreen.storyboard in Resources */ = {isa = PBXBuildFile; fileRef = C47732F022F1C1F700EC1D2A /* LaunchScreen.storyboard */; };
		C47732FD22F1C1F700EC1D2A /* WeatherTests.swift in Sources */ = {isa = PBXBuildFile; fileRef = C47732FC22F1C1F700EC1D2A /* WeatherTests.swift */; };
		C477330822F1C2EB00EC1D2A /* MainViewController.swift in Sources */ = {isa = PBXBuildFile; fileRef = C477330722F1C2EB00EC1D2A /* MainViewController.swift */; };
		C477332522F1C7CA00EC1D2A /* ForecastCenter.swift in Sources */ = {isa = PBXBuildFile; fileRef = C477332422F1C7CA00EC1D2A /* ForecastCenter.swift */; };
		C477332722F1CEC700EC1D2A /* Weather.swift in Sources */ = {isa = PBXBuildFile; fileRef = C477332622F1CEC700EC1D2A /* Weather.swift */; };
		C477332E22F1D14300EC1D2A /* Forecast.swift in Sources */ = {isa = PBXBuildFile; fileRef = C477332D22F1D14300EC1D2A /* Forecast.swift */; };
		C477333122F1D34F00EC1D2A /* APIProtocols.swift in Sources */ = {isa = PBXBuildFile; fileRef = C477333022F1D34F00EC1D2A /* APIProtocols.swift */; };
		C477333822F1D69F00EC1D2A /* DarkSkyFetchForecastRequest.swift in Sources */ = {isa = PBXBuildFile; fileRef = C477333722F1D69F00EC1D2A /* DarkSkyFetchForecastRequest.swift */; };
		C477333A22F1D70100EC1D2A /* DarkSkyURL.swift in Sources */ = {isa = PBXBuildFile; fileRef = C477333922F1D70100EC1D2A /* DarkSkyURL.swift */; };
		C477333C22F1DB0700EC1D2A /* Coordinate.swift in Sources */ = {isa = PBXBuildFile; fileRef = C477333B22F1DB0700EC1D2A /* Coordinate.swift */; };
		C477333F22F1DCB600EC1D2A /* EtcExtensions.swift in Sources */ = {isa = PBXBuildFile; fileRef = C477333E22F1DCB600EC1D2A /* EtcExtensions.swift */; };
		C477334322F1DF9D00EC1D2A /* DarkSkyForecast.swift in Sources */ = {isa = PBXBuildFile; fileRef = C477334222F1DF9D00EC1D2A /* DarkSkyForecast.swift */; };
		C477334722F1E18700EC1D2A /* Result.swift in Sources */ = {isa = PBXBuildFile; fileRef = C477334622F1E18600EC1D2A /* Result.swift */; };
		C47864BA22F6F40C0083C915 /* WeeklyWeatherTableViewCell.swift in Sources */ = {isa = PBXBuildFile; fileRef = C47864B822F6F40C0083C915 /* WeeklyWeatherTableViewCell.swift */; };
		C47864BB22F6F40C0083C915 /* WeeklyWeatherTableViewCell.xib in Resources */ = {isa = PBXBuildFile; fileRef = C47864B922F6F40C0083C915 /* WeeklyWeatherTableViewCell.xib */; };
		C47864BD22F6F8410083C915 /* UIImageExtensions.swift in Sources */ = {isa = PBXBuildFile; fileRef = C47864BC22F6F8410083C915 /* UIImageExtensions.swift */; };
		C47864C022F6FFBE0083C915 /* WeeklyWeatherTableViewController.swift in Sources */ = {isa = PBXBuildFile; fileRef = C47864BF22F6FFBE0083C915 /* WeeklyWeatherTableViewController.swift */; };
		C47864C322F7026A0083C915 /* WeatherViewController.swift in Sources */ = {isa = PBXBuildFile; fileRef = C47864C122F7026A0083C915 /* WeatherViewController.swift */; };
		C47864C422F7026A0083C915 /* WeatherViewController.xib in Resources */ = {isa = PBXBuildFile; fileRef = C47864C222F7026A0083C915 /* WeatherViewController.xib */; };
		C47864C722F7041B0083C915 /* CurrentWeatherViewController.swift in Sources */ = {isa = PBXBuildFile; fileRef = C47864C522F7041B0083C915 /* CurrentWeatherViewController.swift */; };
		C47864C822F7041B0083C915 /* CurrentWeatherViewController.xib in Resources */ = {isa = PBXBuildFile; fileRef = C47864C622F7041B0083C915 /* CurrentWeatherViewController.xib */; };
		C47864CE22F706660083C915 /* CurrentWeatherInfoViewController.swift in Sources */ = {isa = PBXBuildFile; fileRef = C47864CC22F706660083C915 /* CurrentWeatherInfoViewController.swift */; };
		C47864CF22F706660083C915 /* CurrentWeatherInfoViewController.xib in Resources */ = {isa = PBXBuildFile; fileRef = C47864CD22F706660083C915 /* CurrentWeatherInfoViewController.xib */; };
		C47864D122F71F700083C915 /* Defaults.swift in Sources */ = {isa = PBXBuildFile; fileRef = C47864D022F71F700083C915 /* Defaults.swift */; };
		C4B3FB3322F8576C00BFDD10 /* CityTableFooterView.swift in Sources */ = {isa = PBXBuildFile; fileRef = C4B3FB3222F8576C00BFDD10 /* CityTableFooterView.swift */; };
		C4B3FB3522F8577500BFDD10 /* CityTableFooterView.xib in Resources */ = {isa = PBXBuildFile; fileRef = C4B3FB3422F8577500BFDD10 /* CityTableFooterView.xib */; };
		C4BE24D022F2675600F7139B /* DarkSkyAPI.swift in Sources */ = {isa = PBXBuildFile; fileRef = C4BE24CF22F2675600F7139B /* DarkSkyAPI.swift */; };
		C4BE24D222F2686D00F7139B /* ForecastAPI.swift in Sources */ = {isa = PBXBuildFile; fileRef = C4BE24D122F2686D00F7139B /* ForecastAPI.swift */; };
		C4BE24D622F2987500F7139B /* APIRequest.swift in Sources */ = {isa = PBXBuildFile; fileRef = C4BE24D522F2987500F7139B /* APIRequest.swift */; };
		C4D0F08322F7DCD9005A039F /* TemperatureLabel.swift in Sources */ = {isa = PBXBuildFile; fileRef = C4D0F08222F7DCD9005A039F /* TemperatureLabel.swift */; };
		C4D0F08522F7E04A005A039F /* LoadingView.swift in Sources */ = {isa = PBXBuildFile; fileRef = C4D0F08422F7E04A005A039F /* LoadingView.swift */; };
		C4D7BAE522F2F73E00D6C3BF /* APIError.swift in Sources */ = {isa = PBXBuildFile; fileRef = C4D7BAE422F2F73E00D6C3BF /* APIError.swift */; };
		C4D7BAE822F2FD7A00D6C3BF /* DarkSky+APIProtocols.swift in Sources */ = {isa = PBXBuildFile; fileRef = C4D7BAE722F2FD7A00D6C3BF /* DarkSky+APIProtocols.swift */; };
		C4D7BAEA22F2FE1C00D6C3BF /* APIRequestConverter.swift in Sources */ = {isa = PBXBuildFile; fileRef = C4D7BAE922F2FE1C00D6C3BF /* APIRequestConverter.swift */; };
		C4D7BAEF22F33ED200D6C3BF /* DarkSkyWeather.swift in Sources */ = {isa = PBXBuildFile; fileRef = C4D7BAEE22F33ED200D6C3BF /* DarkSkyWeather.swift */; };
		C4E4CCD722F9939700BFB679 /* URLExtensions.swift in Sources */ = {isa = PBXBuildFile; fileRef = C4E4CCD622F9939700BFB679 /* URLExtensions.swift */; };
		C4E4CCD922F998A000BFB679 /* TemperatureHelper.swift in Sources */ = {isa = PBXBuildFile; fileRef = C4E4CCD822F998A000BFB679 /* TemperatureHelper.swift */; };
		C4E4CCDB22F9B86300BFB679 /* UIAlertControllerExtensions.swift in Sources */ = {isa = PBXBuildFile; fileRef = C4E4CCDA22F9B86300BFB679 /* UIAlertControllerExtensions.swift */; };
		C4F745B922F3E6E8000E6A2A /* LocationManager.swift in Sources */ = {isa = PBXBuildFile; fileRef = C4F745B822F3E6E8000E6A2A /* LocationManager.swift */; };
		C4F745BC22F3E966000E6A2A /* CitySearchViewController.swift in Sources */ = {isa = PBXBuildFile; fileRef = C4F745BB22F3E966000E6A2A /* CitySearchViewController.swift */; };
		C4F745BF22F3EA0B000E6A2A /* CitySearchTableViewController.swift in Sources */ = {isa = PBXBuildFile; fileRef = C4F745BD22F3EA0B000E6A2A /* CitySearchTableViewController.swift */; };
		C4F745C322F3EB31000E6A2A /* CitySearchTableViewCell.swift in Sources */ = {isa = PBXBuildFile; fileRef = C4F745C122F3EB31000E6A2A /* CitySearchTableViewCell.swift */; };
		C4F745C422F3EB31000E6A2A /* CitySearchTableViewCell.xib in Resources */ = {isa = PBXBuildFile; fileRef = C4F745C222F3EB31000E6A2A /* CitySearchTableViewCell.xib */; };
		C4F745C622F3EB67000E6A2A /* UITableViewExtensions.swift in Sources */ = {isa = PBXBuildFile; fileRef = C4F745C522F3EB67000E6A2A /* UITableViewExtensions.swift */; };
/* End PBXBuildFile section */

/* Begin PBXContainerItemProxy section */
		C47732F922F1C1F700EC1D2A /* PBXContainerItemProxy */ = {
			isa = PBXContainerItemProxy;
			containerPortal = C47732DC22F1C1F600EC1D2A /* Project object */;
			proxyType = 1;
			remoteGlobalIDString = C47732E322F1C1F600EC1D2A;
			remoteInfo = Weather;
		};
/* End PBXContainerItemProxy section */

/* Begin PBXFileReference section */
		C410B75522F44B79007C2822 /* LaunchScreenViewController.swift */ = {isa = PBXFileReference; lastKnownFileType = sourcecode.swift; path = LaunchScreenViewController.swift; sourceTree = "<group>"; };
		C410B75722F44C2E007C2822 /* UIViewControllerExtensions.swift */ = {isa = PBXFileReference; lastKnownFileType = sourcecode.swift; path = UIViewControllerExtensions.swift; sourceTree = "<group>"; };
		C410B75B22F44EE5007C2822 /* MainPageViewController.swift */ = {isa = PBXFileReference; lastKnownFileType = sourcecode.swift; path = MainPageViewController.swift; sourceTree = "<group>"; };
		C410B75D22F45140007C2822 /* HourlyWeatherCollectionViewController.swift */ = {isa = PBXFileReference; lastKnownFileType = sourcecode.swift; path = HourlyWeatherCollectionViewController.swift; sourceTree = "<group>"; };
		C410B75F22F45185007C2822 /* HourlyWeatherCollectionViewCell.swift */ = {isa = PBXFileReference; lastKnownFileType = sourcecode.swift; path = HourlyWeatherCollectionViewCell.swift; sourceTree = "<group>"; };
		C410B76022F45185007C2822 /* HourlyWeatherCollectionViewCell.xib */ = {isa = PBXFileReference; lastKnownFileType = file.xib; path = HourlyWeatherCollectionViewCell.xib; sourceTree = "<group>"; };
		C410B76322F451E9007C2822 /* UICollectionViewExtensions.swift */ = {isa = PBXFileReference; lastKnownFileType = sourcecode.swift; path = UICollectionViewExtensions.swift; sourceTree = "<group>"; };
		C410B76A22F48E09007C2822 /* PageControl.swift */ = {isa = PBXFileReference; lastKnownFileType = sourcecode.swift; path = PageControl.swift; sourceTree = "<group>"; };
		C410B76C22F51B5E007C2822 /* Image.swift */ = {isa = PBXFileReference; lastKnownFileType = sourcecode.swift; path = Image.swift; sourceTree = "<group>"; };
		C410B76E22F52A4B007C2822 /* UIColorExtensions.swift */ = {isa = PBXFileReference; lastKnownFileType = sourcecode.swift; path = UIColorExtensions.swift; sourceTree = "<group>"; };
		C410B77322F52F72007C2822 /* MainViewController.xib */ = {isa = PBXFileReference; lastKnownFileType = file.xib; path = MainViewController.xib; sourceTree = "<group>"; };
		C410B77722F5463B007C2822 /* CityTableViewController.swift */ = {isa = PBXFileReference; lastKnownFileType = sourcecode.swift; path = CityTableViewController.swift; sourceTree = "<group>"; };
		C410B77B22F549A6007C2822 /* CityTableViewCell.swift */ = {isa = PBXFileReference; lastKnownFileType = sourcecode.swift; path = CityTableViewCell.swift; sourceTree = "<group>"; };
		C410B77C22F549A6007C2822 /* CityTableViewCell.xib */ = {isa = PBXFileReference; lastKnownFileType = file.xib; path = CityTableViewCell.xib; sourceTree = "<group>"; };
		C410B77F22F554C4007C2822 /* NoticiationName.swift */ = {isa = PBXFileReference; lastKnownFileType = sourcecode.swift; path = NoticiationName.swift; sourceTree = "<group>"; };
		C410B78122F56570007C2822 /* DateExtensions.swift */ = {isa = PBXFileReference; lastKnownFileType = sourcecode.swift; path = DateExtensions.swift; sourceTree = "<group>"; };
		C410B78322F56C7D007C2822 /* DateLabel.swift */ = {isa = PBXFileReference; lastKnownFileType = sourcecode.swift; path = DateLabel.swift; sourceTree = "<group>"; };
		C410B78622F5744F007C2822 /* Placemark.swift */ = {isa = PBXFileReference; lastKnownFileType = sourcecode.swift; path = Placemark.swift; sourceTree = "<group>"; };
		C410B78822F5DBCA007C2822 /* UIViewExtensions.swift */ = {isa = PBXFileReference; lastKnownFileType = sourcecode.swift; path = UIViewExtensions.swift; sourceTree = "<group>"; };
		C47732E422F1C1F600EC1D2A /* Weather.app */ = {isa = PBXFileReference; explicitFileType = wrapper.application; includeInIndex = 0; path = Weather.app; sourceTree = BUILT_PRODUCTS_DIR; };
		C47732E722F1C1F600EC1D2A /* AppDelegate.swift */ = {isa = PBXFileReference; lastKnownFileType = sourcecode.swift; path = AppDelegate.swift; sourceTree = "<group>"; };
		C47732EC22F1C1F600EC1D2A /* Base */ = {isa = PBXFileReference; lastKnownFileType = file.storyboard; name = Base; path = Base.lproj/Main.storyboard; sourceTree = "<group>"; };
		C47732EE22F1C1F700EC1D2A /* Assets.xcassets */ = {isa = PBXFileReference; lastKnownFileType = folder.assetcatalog; path = Assets.xcassets; sourceTree = "<group>"; };
		C47732F122F1C1F700EC1D2A /* Base */ = {isa = PBXFileReference; lastKnownFileType = file.storyboard; name = Base; path = Base.lproj/LaunchScreen.storyboard; sourceTree = "<group>"; };
		C47732F322F1C1F700EC1D2A /* Info.plist */ = {isa = PBXFileReference; lastKnownFileType = text.plist.xml; path = Info.plist; sourceTree = "<group>"; };
		C47732F822F1C1F700EC1D2A /* WeatherTests.xctest */ = {isa = PBXFileReference; explicitFileType = wrapper.cfbundle; includeInIndex = 0; path = WeatherTests.xctest; sourceTree = BUILT_PRODUCTS_DIR; };
		C47732FC22F1C1F700EC1D2A /* WeatherTests.swift */ = {isa = PBXFileReference; lastKnownFileType = sourcecode.swift; path = WeatherTests.swift; sourceTree = "<group>"; };
		C47732FE22F1C1F700EC1D2A /* Info.plist */ = {isa = PBXFileReference; lastKnownFileType = text.plist.xml; path = Info.plist; sourceTree = "<group>"; };
		C477330722F1C2EB00EC1D2A /* MainViewController.swift */ = {isa = PBXFileReference; lastKnownFileType = sourcecode.swift; path = MainViewController.swift; sourceTree = "<group>"; };
		C477332422F1C7CA00EC1D2A /* ForecastCenter.swift */ = {isa = PBXFileReference; lastKnownFileType = sourcecode.swift; path = ForecastCenter.swift; sourceTree = "<group>"; };
		C477332622F1CEC700EC1D2A /* Weather.swift */ = {isa = PBXFileReference; lastKnownFileType = sourcecode.swift; path = Weather.swift; sourceTree = "<group>"; };
		C477332D22F1D14300EC1D2A /* Forecast.swift */ = {isa = PBXFileReference; lastKnownFileType = sourcecode.swift; path = Forecast.swift; sourceTree = "<group>"; };
		C477333022F1D34F00EC1D2A /* APIProtocols.swift */ = {isa = PBXFileReference; lastKnownFileType = sourcecode.swift; path = APIProtocols.swift; sourceTree = "<group>"; };
		C477333722F1D69F00EC1D2A /* DarkSkyFetchForecastRequest.swift */ = {isa = PBXFileReference; lastKnownFileType = sourcecode.swift; path = DarkSkyFetchForecastRequest.swift; sourceTree = "<group>"; };
		C477333922F1D70100EC1D2A /* DarkSkyURL.swift */ = {isa = PBXFileReference; lastKnownFileType = sourcecode.swift; path = DarkSkyURL.swift; sourceTree = "<group>"; };
		C477333B22F1DB0700EC1D2A /* Coordinate.swift */ = {isa = PBXFileReference; lastKnownFileType = sourcecode.swift; path = Coordinate.swift; sourceTree = "<group>"; };
		C477333E22F1DCB600EC1D2A /* EtcExtensions.swift */ = {isa = PBXFileReference; lastKnownFileType = sourcecode.swift; path = EtcExtensions.swift; sourceTree = "<group>"; };
		C477334222F1DF9D00EC1D2A /* DarkSkyForecast.swift */ = {isa = PBXFileReference; lastKnownFileType = sourcecode.swift; path = DarkSkyForecast.swift; sourceTree = "<group>"; };
		C477334622F1E18600EC1D2A /* Result.swift */ = {isa = PBXFileReference; lastKnownFileType = sourcecode.swift; path = Result.swift; sourceTree = "<group>"; };
		C47864B822F6F40C0083C915 /* WeeklyWeatherTableViewCell.swift */ = {isa = PBXFileReference; lastKnownFileType = sourcecode.swift; path = WeeklyWeatherTableViewCell.swift; sourceTree = "<group>"; };
		C47864B922F6F40C0083C915 /* WeeklyWeatherTableViewCell.xib */ = {isa = PBXFileReference; lastKnownFileType = file.xib; path = WeeklyWeatherTableViewCell.xib; sourceTree = "<group>"; };
		C47864BC22F6F8410083C915 /* UIImageExtensions.swift */ = {isa = PBXFileReference; lastKnownFileType = sourcecode.swift; path = UIImageExtensions.swift; sourceTree = "<group>"; };
		C47864BF22F6FFBE0083C915 /* WeeklyWeatherTableViewController.swift */ = {isa = PBXFileReference; lastKnownFileType = sourcecode.swift; path = WeeklyWeatherTableViewController.swift; sourceTree = "<group>"; };
		C47864C122F7026A0083C915 /* WeatherViewController.swift */ = {isa = PBXFileReference; lastKnownFileType = sourcecode.swift; path = WeatherViewController.swift; sourceTree = "<group>"; };
		C47864C222F7026A0083C915 /* WeatherViewController.xib */ = {isa = PBXFileReference; lastKnownFileType = file.xib; path = WeatherViewController.xib; sourceTree = "<group>"; };
		C47864C522F7041B0083C915 /* CurrentWeatherViewController.swift */ = {isa = PBXFileReference; lastKnownFileType = sourcecode.swift; path = CurrentWeatherViewController.swift; sourceTree = "<group>"; };
		C47864C622F7041B0083C915 /* CurrentWeatherViewController.xib */ = {isa = PBXFileReference; lastKnownFileType = file.xib; path = CurrentWeatherViewController.xib; sourceTree = "<group>"; };
		C47864CC22F706660083C915 /* CurrentWeatherInfoViewController.swift */ = {isa = PBXFileReference; lastKnownFileType = sourcecode.swift; path = CurrentWeatherInfoViewController.swift; sourceTree = "<group>"; };
		C47864CD22F706660083C915 /* CurrentWeatherInfoViewController.xib */ = {isa = PBXFileReference; lastKnownFileType = file.xib; path = CurrentWeatherInfoViewController.xib; sourceTree = "<group>"; };
		C47864D022F71F700083C915 /* Defaults.swift */ = {isa = PBXFileReference; lastKnownFileType = sourcecode.swift; path = Defaults.swift; sourceTree = "<group>"; };
		C4B3FB3222F8576C00BFDD10 /* CityTableFooterView.swift */ = {isa = PBXFileReference; lastKnownFileType = sourcecode.swift; path = CityTableFooterView.swift; sourceTree = "<group>"; };
		C4B3FB3422F8577500BFDD10 /* CityTableFooterView.xib */ = {isa = PBXFileReference; lastKnownFileType = file.xib; path = CityTableFooterView.xib; sourceTree = "<group>"; };
		C4BE24CF22F2675600F7139B /* DarkSkyAPI.swift */ = {isa = PBXFileReference; lastKnownFileType = sourcecode.swift; path = DarkSkyAPI.swift; sourceTree = "<group>"; };
		C4BE24D122F2686D00F7139B /* ForecastAPI.swift */ = {isa = PBXFileReference; lastKnownFileType = sourcecode.swift; path = ForecastAPI.swift; sourceTree = "<group>"; };
		C4BE24D522F2987500F7139B /* APIRequest.swift */ = {isa = PBXFileReference; fileEncoding = 4; lastKnownFileType = sourcecode.swift; name = APIRequest.swift; path = Weather/Networking/Base/APIRequest.swift; sourceTree = SOURCE_ROOT; };
		C4D0F08222F7DCD9005A039F /* TemperatureLabel.swift */ = {isa = PBXFileReference; lastKnownFileType = sourcecode.swift; path = TemperatureLabel.swift; sourceTree = "<group>"; };
		C4D0F08422F7E04A005A039F /* LoadingView.swift */ = {isa = PBXFileReference; lastKnownFileType = sourcecode.swift; path = LoadingView.swift; sourceTree = "<group>"; };
		C4D7BAE422F2F73E00D6C3BF /* APIError.swift */ = {isa = PBXFileReference; lastKnownFileType = sourcecode.swift; path = APIError.swift; sourceTree = "<group>"; };
		C4D7BAE722F2FD7A00D6C3BF /* DarkSky+APIProtocols.swift */ = {isa = PBXFileReference; lastKnownFileType = sourcecode.swift; path = "DarkSky+APIProtocols.swift"; sourceTree = "<group>"; };
		C4D7BAE922F2FE1C00D6C3BF /* APIRequestConverter.swift */ = {isa = PBXFileReference; lastKnownFileType = sourcecode.swift; path = APIRequestConverter.swift; sourceTree = "<group>"; };
		C4D7BAEE22F33ED200D6C3BF /* DarkSkyWeather.swift */ = {isa = PBXFileReference; lastKnownFileType = sourcecode.swift; path = DarkSkyWeather.swift; sourceTree = "<group>"; };
		C4E4CCD622F9939700BFB679 /* URLExtensions.swift */ = {isa = PBXFileReference; lastKnownFileType = sourcecode.swift; path = URLExtensions.swift; sourceTree = "<group>"; };
		C4E4CCD822F998A000BFB679 /* TemperatureHelper.swift */ = {isa = PBXFileReference; lastKnownFileType = sourcecode.swift; path = TemperatureHelper.swift; sourceTree = "<group>"; };
		C4E4CCDA22F9B86300BFB679 /* UIAlertControllerExtensions.swift */ = {isa = PBXFileReference; lastKnownFileType = sourcecode.swift; path = UIAlertControllerExtensions.swift; sourceTree = "<group>"; };
		C4F745B822F3E6E8000E6A2A /* LocationManager.swift */ = {isa = PBXFileReference; lastKnownFileType = sourcecode.swift; path = LocationManager.swift; sourceTree = "<group>"; };
		C4F745BB22F3E966000E6A2A /* CitySearchViewController.swift */ = {isa = PBXFileReference; lastKnownFileType = sourcecode.swift; path = CitySearchViewController.swift; sourceTree = "<group>"; };
		C4F745BD22F3EA0B000E6A2A /* CitySearchTableViewController.swift */ = {isa = PBXFileReference; lastKnownFileType = sourcecode.swift; path = CitySearchTableViewController.swift; sourceTree = "<group>"; };
		C4F745C122F3EB31000E6A2A /* CitySearchTableViewCell.swift */ = {isa = PBXFileReference; lastKnownFileType = sourcecode.swift; path = CitySearchTableViewCell.swift; sourceTree = "<group>"; };
		C4F745C222F3EB31000E6A2A /* CitySearchTableViewCell.xib */ = {isa = PBXFileReference; lastKnownFileType = file.xib; path = CitySearchTableViewCell.xib; sourceTree = "<group>"; };
		C4F745C522F3EB67000E6A2A /* UITableViewExtensions.swift */ = {isa = PBXFileReference; lastKnownFileType = sourcecode.swift; path = UITableViewExtensions.swift; sourceTree = "<group>"; };
/* End PBXFileReference section */

/* Begin PBXFrameworksBuildPhase section */
		C47732E122F1C1F600EC1D2A /* Frameworks */ = {
			isa = PBXFrameworksBuildPhase;
			buildActionMask = 2147483647;
			files = (
			);
			runOnlyForDeploymentPostprocessing = 0;
		};
		C47732F522F1C1F700EC1D2A /* Frameworks */ = {
			isa = PBXFrameworksBuildPhase;
			buildActionMask = 2147483647;
			files = (
			);
			runOnlyForDeploymentPostprocessing = 0;
		};
/* End PBXFrameworksBuildPhase section */

/* Begin PBXGroup section */
		C410B75422F44B60007C2822 /* LaunchScreen */ = {
			isa = PBXGroup;
			children = (
				C410B75522F44B79007C2822 /* LaunchScreenViewController.swift */,
			);
			path = LaunchScreen;
			sourceTree = "<group>";
		};
		C410B76622F456BD007C2822 /* HourlyWeather */ = {
			isa = PBXGroup;
			children = (
				C410B75D22F45140007C2822 /* HourlyWeatherCollectionViewController.swift */,
				C410B75F22F45185007C2822 /* HourlyWeatherCollectionViewCell.swift */,
				C410B76022F45185007C2822 /* HourlyWeatherCollectionViewCell.xib */,
			);
			path = HourlyWeather;
			sourceTree = "<group>";
		};
		C410B76822F48D01007C2822 /* Resource */ = {
			isa = PBXGroup;
			children = (
				C47732EB22F1C1F600EC1D2A /* Main.storyboard */,
				C47732EE22F1C1F700EC1D2A /* Assets.xcassets */,
				C47732F022F1C1F700EC1D2A /* LaunchScreen.storyboard */,
				C410B76C22F51B5E007C2822 /* Image.swift */,
			);
			path = Resource;
			sourceTree = "<group>";
		};
		C410B76922F48D53007C2822 /* View */ = {
			isa = PBXGroup;
			children = (
				C410B76A22F48E09007C2822 /* PageControl.swift */,
				C410B78322F56C7D007C2822 /* DateLabel.swift */,
				C4D0F08222F7DCD9005A039F /* TemperatureLabel.swift */,
				C4D0F08422F7E04A005A039F /* LoadingView.swift */,
			);
			path = View;
			sourceTree = "<group>";
		};
		C410B77622F545BF007C2822 /* CityList */ = {
			isa = PBXGroup;
			children = (
				C410B77722F5463B007C2822 /* CityTableViewController.swift */,
				C410B77B22F549A6007C2822 /* CityTableViewCell.swift */,
				C410B77C22F549A6007C2822 /* CityTableViewCell.xib */,
				C4B3FB3222F8576C00BFDD10 /* CityTableFooterView.swift */,
				C4B3FB3422F8577500BFDD10 /* CityTableFooterView.xib */,
			);
			path = CityList;
			sourceTree = "<group>";
		};
		C410B78522F56CB6007C2822 /* Core */ = {
			isa = PBXGroup;
			children = (
				C477333922F1D70100EC1D2A /* DarkSkyURL.swift */,
				C4D7BAE722F2FD7A00D6C3BF /* DarkSky+APIProtocols.swift */,
			);
			path = Core;
			sourceTree = "<group>";
		};
		C47732DB22F1C1F600EC1D2A = {
			isa = PBXGroup;
			children = (
				C47732E622F1C1F600EC1D2A /* Weather */,
				C47732FB22F1C1F700EC1D2A /* WeatherTests */,
				C47732E522F1C1F600EC1D2A /* Products */,
			);
			sourceTree = "<group>";
		};
		C47732E522F1C1F600EC1D2A /* Products */ = {
			isa = PBXGroup;
			children = (
				C47732E422F1C1F600EC1D2A /* Weather.app */,
				C47732F822F1C1F700EC1D2A /* WeatherTests.xctest */,
			);
			name = Products;
			sourceTree = "<group>";
		};
		C47732E622F1C1F600EC1D2A /* Weather */ = {
			isa = PBXGroup;
			children = (
				C477330922F1C2F200EC1D2A /* Scene */,
				C410B76922F48D53007C2822 /* View */,
				C477332F22F1D16800EC1D2A /* Model */,
				C477333D22F1DCAA00EC1D2A /* Extensions */,
				C477332322F1C69700EC1D2A /* Networking */,
				C477334522F1E17D00EC1D2A /* Util */,
				C410B76822F48D01007C2822 /* Resource */,
				C47732E722F1C1F600EC1D2A /* AppDelegate.swift */,
				C477332422F1C7CA00EC1D2A /* ForecastCenter.swift */,
				C47732F322F1C1F700EC1D2A /* Info.plist */,
			);
			path = Weather;
			sourceTree = "<group>";
		};
		C47732FB22F1C1F700EC1D2A /* WeatherTests */ = {
			isa = PBXGroup;
			children = (
				C47732FC22F1C1F700EC1D2A /* WeatherTests.swift */,
				C47732FE22F1C1F700EC1D2A /* Info.plist */,
			);
			path = WeatherTests;
			sourceTree = "<group>";
		};
		C477330922F1C2F200EC1D2A /* Scene */ = {
			isa = PBXGroup;
			children = (
				C477330F22F1C32600EC1D2A /* Main */,
				C410B77622F545BF007C2822 /* CityList */,
				C410B75422F44B60007C2822 /* LaunchScreen */,
				C4F745BA22F3E932000E6A2A /* CitySearch */,
			);
			path = Scene;
			sourceTree = "<group>";
		};
		C477330F22F1C32600EC1D2A /* Main */ = {
			isa = PBXGroup;
			children = (
				C47864CA22F704AB0083C915 /* Core */,
				C47864C922F704360083C915 /* CurrentWeather */,
				C410B76622F456BD007C2822 /* HourlyWeather */,
				C47864BE22F6FF430083C915 /* weeklyWeather */,
				C47864CB22F705C90083C915 /* CurrentWeatherInfo */,
			);
			path = Main;
			sourceTree = "<group>";
		};
		C477332322F1C69700EC1D2A /* Networking */ = {
			isa = PBXGroup;
			children = (
				C4D7BAE622F2F74F00D6C3BF /* Base */,
				C4D7BAF022F3405500D6C3BF /* ForecastAPI */,
				C477333622F1D39500EC1D2A /* DarkSky */,
			);
			path = Networking;
			sourceTree = "<group>";
		};
		C477332F22F1D16800EC1D2A /* Model */ = {
			isa = PBXGroup;
			children = (
				C477332D22F1D14300EC1D2A /* Forecast.swift */,
				C477332622F1CEC700EC1D2A /* Weather.swift */,
				C477333B22F1DB0700EC1D2A /* Coordinate.swift */,
				C410B78622F5744F007C2822 /* Placemark.swift */,
			);
			path = Model;
			sourceTree = "<group>";
		};
		C477333622F1D39500EC1D2A /* DarkSky */ = {
			isa = PBXGroup;
			children = (
				C410B78522F56CB6007C2822 /* Core */,
				C4D7BAF122F3430100D6C3BF /* Model */,
				C477334422F1DFA500EC1D2A /* APIRequest */,
			);
			path = DarkSky;
			sourceTree = "<group>";
		};
		C477333D22F1DCAA00EC1D2A /* Extensions */ = {
			isa = PBXGroup;
			children = (
				C4F745C522F3EB67000E6A2A /* UITableViewExtensions.swift */,
				C477333E22F1DCB600EC1D2A /* EtcExtensions.swift */,
				C410B75722F44C2E007C2822 /* UIViewControllerExtensions.swift */,
				C410B76322F451E9007C2822 /* UICollectionViewExtensions.swift */,
				C410B76E22F52A4B007C2822 /* UIColorExtensions.swift */,
				C410B77F22F554C4007C2822 /* NoticiationName.swift */,
				C410B78122F56570007C2822 /* DateExtensions.swift */,
				C410B78822F5DBCA007C2822 /* UIViewExtensions.swift */,
				C47864BC22F6F8410083C915 /* UIImageExtensions.swift */,
				C4E4CCD622F9939700BFB679 /* URLExtensions.swift */,
				C4E4CCDA22F9B86300BFB679 /* UIAlertControllerExtensions.swift */,
			);
			path = Extensions;
			sourceTree = "<group>";
		};
		C477334422F1DFA500EC1D2A /* APIRequest */ = {
			isa = PBXGroup;
			children = (
				C477333722F1D69F00EC1D2A /* DarkSkyFetchForecastRequest.swift */,
			);
			path = APIRequest;
			sourceTree = "<group>";
		};
		C477334522F1E17D00EC1D2A /* Util */ = {
			isa = PBXGroup;
			children = (
				C477334622F1E18600EC1D2A /* Result.swift */,
				C4F745B822F3E6E8000E6A2A /* LocationManager.swift */,
				C47864D022F71F700083C915 /* Defaults.swift */,
				C4E4CCD822F998A000BFB679 /* TemperatureHelper.swift */,
			);
			path = Util;
			sourceTree = "<group>";
		};
		C47864BE22F6FF430083C915 /* weeklyWeather */ = {
			isa = PBXGroup;
			children = (
				C47864BF22F6FFBE0083C915 /* WeeklyWeatherTableViewController.swift */,
				C47864B822F6F40C0083C915 /* WeeklyWeatherTableViewCell.swift */,
				C47864B922F6F40C0083C915 /* WeeklyWeatherTableViewCell.xib */,
			);
			path = weeklyWeather;
			sourceTree = "<group>";
		};
		C47864C922F704360083C915 /* CurrentWeather */ = {
			isa = PBXGroup;
			children = (
				C47864C522F7041B0083C915 /* CurrentWeatherViewController.swift */,
				C47864C622F7041B0083C915 /* CurrentWeatherViewController.xib */,
			);
			path = CurrentWeather;
			sourceTree = "<group>";
		};
		C47864CA22F704AB0083C915 /* Core */ = {
			isa = PBXGroup;
			children = (
				C477330722F1C2EB00EC1D2A /* MainViewController.swift */,
				C410B77322F52F72007C2822 /* MainViewController.xib */,
				C410B75B22F44EE5007C2822 /* MainPageViewController.swift */,
				C47864C122F7026A0083C915 /* WeatherViewController.swift */,
				C47864C222F7026A0083C915 /* WeatherViewController.xib */,
			);
			path = Core;
			sourceTree = "<group>";
		};
		C47864CB22F705C90083C915 /* CurrentWeatherInfo */ = {
			isa = PBXGroup;
			children = (
				C47864CC22F706660083C915 /* CurrentWeatherInfoViewController.swift */,
				C47864CD22F706660083C915 /* CurrentWeatherInfoViewController.xib */,
			);
			path = CurrentWeatherInfo;
			sourceTree = "<group>";
		};
		C4D7BAE622F2F74F00D6C3BF /* Base */ = {
			isa = PBXGroup;
			children = (
				C4D7BAE422F2F73E00D6C3BF /* APIError.swift */,
				C477333022F1D34F00EC1D2A /* APIProtocols.swift */,
				C4BE24D522F2987500F7139B /* APIRequest.swift */,
				C4D7BAE922F2FE1C00D6C3BF /* APIRequestConverter.swift */,
			);
			path = Base;
			sourceTree = "<group>";
		};
		C4D7BAF022F3405500D6C3BF /* ForecastAPI */ = {
			isa = PBXGroup;
			children = (
				C4BE24D122F2686D00F7139B /* ForecastAPI.swift */,
				C4BE24CF22F2675600F7139B /* DarkSkyAPI.swift */,
			);
			path = ForecastAPI;
			sourceTree = "<group>";
		};
		C4D7BAF122F3430100D6C3BF /* Model */ = {
			isa = PBXGroup;
			children = (
				C4D7BAEE22F33ED200D6C3BF /* DarkSkyWeather.swift */,
				C477334222F1DF9D00EC1D2A /* DarkSkyForecast.swift */,
			);
			path = Model;
			sourceTree = "<group>";
		};
		C4F745BA22F3E932000E6A2A /* CitySearch */ = {
			isa = PBXGroup;
			children = (
				C4F745BB22F3E966000E6A2A /* CitySearchViewController.swift */,
				C4F745BD22F3EA0B000E6A2A /* CitySearchTableViewController.swift */,
				C4F745C122F3EB31000E6A2A /* CitySearchTableViewCell.swift */,
				C4F745C222F3EB31000E6A2A /* CitySearchTableViewCell.xib */,
			);
			path = CitySearch;
			sourceTree = "<group>";
		};
/* End PBXGroup section */

/* Begin PBXNativeTarget section */
		C47732E322F1C1F600EC1D2A /* Weather */ = {
			isa = PBXNativeTarget;
			buildConfigurationList = C477330122F1C1F700EC1D2A /* Build configuration list for PBXNativeTarget "Weather" */;
			buildPhases = (
				C47732E022F1C1F600EC1D2A /* Sources */,
				C47732E122F1C1F600EC1D2A /* Frameworks */,
				C47732E222F1C1F600EC1D2A /* Resources */,
			);
			buildRules = (
			);
			dependencies = (
			);
			name = Weather;
			productName = Weather;
			productReference = C47732E422F1C1F600EC1D2A /* Weather.app */;
			productType = "com.apple.product-type.application";
		};
		C47732F722F1C1F700EC1D2A /* WeatherTests */ = {
			isa = PBXNativeTarget;
			buildConfigurationList = C477330422F1C1F700EC1D2A /* Build configuration list for PBXNativeTarget "WeatherTests" */;
			buildPhases = (
				C47732F422F1C1F700EC1D2A /* Sources */,
				C47732F522F1C1F700EC1D2A /* Frameworks */,
				C47732F622F1C1F700EC1D2A /* Resources */,
			);
			buildRules = (
			);
			dependencies = (
				C47732FA22F1C1F700EC1D2A /* PBXTargetDependency */,
			);
			name = WeatherTests;
			productName = WeatherTests;
			productReference = C47732F822F1C1F700EC1D2A /* WeatherTests.xctest */;
			productType = "com.apple.product-type.bundle.unit-test";
		};
/* End PBXNativeTarget section */

/* Begin PBXProject section */
		C47732DC22F1C1F600EC1D2A /* Project object */ = {
			isa = PBXProject;
			attributes = {
				LastSwiftUpdateCheck = 1020;
				LastUpgradeCheck = 1020;
				ORGANIZATIONNAME = "ChanHee Kim";
				TargetAttributes = {
					C47732E322F1C1F600EC1D2A = {
						CreatedOnToolsVersion = 10.2.1;
					};
					C47732F722F1C1F700EC1D2A = {
						CreatedOnToolsVersion = 10.2.1;
						TestTargetID = C47732E322F1C1F600EC1D2A;
					};
				};
			};
			buildConfigurationList = C47732DF22F1C1F600EC1D2A /* Build configuration list for PBXProject "Weather" */;
			compatibilityVersion = "Xcode 9.3";
			developmentRegion = en;
			hasScannedForEncodings = 0;
			knownRegions = (
				en,
				Base,
			);
			mainGroup = C47732DB22F1C1F600EC1D2A;
			productRefGroup = C47732E522F1C1F600EC1D2A /* Products */;
			projectDirPath = "";
			projectRoot = "";
			targets = (
				C47732E322F1C1F600EC1D2A /* Weather */,
				C47732F722F1C1F700EC1D2A /* WeatherTests */,
			);
		};
/* End PBXProject section */

/* Begin PBXResourcesBuildPhase section */
		C47732E222F1C1F600EC1D2A /* Resources */ = {
			isa = PBXResourcesBuildPhase;
			buildActionMask = 2147483647;
			files = (
				C47864C822F7041B0083C915 /* CurrentWeatherViewController.xib in Resources */,
				C47732F222F1C1F700EC1D2A /* LaunchScreen.storyboard in Resources */,
				C410B76222F45185007C2822 /* HourlyWeatherCollectionViewCell.xib in Resources */,
				C47864CF22F706660083C915 /* CurrentWeatherInfoViewController.xib in Resources */,
				C4F745C422F3EB31000E6A2A /* CitySearchTableViewCell.xib in Resources */,
				C47864BB22F6F40C0083C915 /* WeeklyWeatherTableViewCell.xib in Resources */,
				C47864C422F7026A0083C915 /* WeatherViewController.xib in Resources */,
				C410B77E22F549A6007C2822 /* CityTableViewCell.xib in Resources */,
				C47732EF22F1C1F700EC1D2A /* Assets.xcassets in Resources */,
				C410B77522F52F72007C2822 /* MainViewController.xib in Resources */,
				C47732ED22F1C1F600EC1D2A /* Main.storyboard in Resources */,
				C4B3FB3522F8577500BFDD10 /* CityTableFooterView.xib in Resources */,
			);
			runOnlyForDeploymentPostprocessing = 0;
		};
		C47732F622F1C1F700EC1D2A /* Resources */ = {
			isa = PBXResourcesBuildPhase;
			buildActionMask = 2147483647;
			files = (
			);
			runOnlyForDeploymentPostprocessing = 0;
		};
/* End PBXResourcesBuildPhase section */

/* Begin PBXSourcesBuildPhase section */
		C47732E022F1C1F600EC1D2A /* Sources */ = {
			isa = PBXSourcesBuildPhase;
			buildActionMask = 2147483647;
			files = (
				C410B76422F451E9007C2822 /* UICollectionViewExtensions.swift in Sources */,
				C410B77D22F549A6007C2822 /* CityTableViewCell.swift in Sources */,
				C477334722F1E18700EC1D2A /* Result.swift in Sources */,
				C477334322F1DF9D00EC1D2A /* DarkSkyForecast.swift in Sources */,
				C4BE24D022F2675600F7139B /* DarkSkyAPI.swift in Sources */,
				C410B75C22F44EE5007C2822 /* MainPageViewController.swift in Sources */,
				C47864BA22F6F40C0083C915 /* WeeklyWeatherTableViewCell.swift in Sources */,
				C477333F22F1DCB600EC1D2A /* EtcExtensions.swift in Sources */,
				C4BE24D622F2987500F7139B /* APIRequest.swift in Sources */,
				C410B75E22F45140007C2822 /* HourlyWeatherCollectionViewController.swift in Sources */,
				C477332E22F1D14300EC1D2A /* Forecast.swift in Sources */,
				C477333822F1D69F00EC1D2A /* DarkSkyFetchForecastRequest.swift in Sources */,
				C4E4CCD922F998A000BFB679 /* TemperatureHelper.swift in Sources */,
				C410B75622F44B79007C2822 /* LaunchScreenViewController.swift in Sources */,
				C4E4CCDB22F9B86300BFB679 /* UIAlertControllerExtensions.swift in Sources */,
				C410B78022F554C4007C2822 /* NoticiationName.swift in Sources */,
				C410B76D22F51B5E007C2822 /* Image.swift in Sources */,
				C4F745BF22F3EA0B000E6A2A /* CitySearchTableViewController.swift in Sources */,
				C47864C022F6FFBE0083C915 /* WeeklyWeatherTableViewController.swift in Sources */,
				C4E4CCD722F9939700BFB679 /* URLExtensions.swift in Sources */,
				C4F745B922F3E6E8000E6A2A /* LocationManager.swift in Sources */,
				C410B76122F45185007C2822 /* HourlyWeatherCollectionViewCell.swift in Sources */,
				C477330822F1C2EB00EC1D2A /* MainViewController.swift in Sources */,
				C4D7BAEA22F2FE1C00D6C3BF /* APIRequestConverter.swift in Sources */,
				C4D0F08322F7DCD9005A039F /* TemperatureLabel.swift in Sources */,
				C4F745C622F3EB67000E6A2A /* UITableViewExtensions.swift in Sources */,
				C4BE24D222F2686D00F7139B /* ForecastAPI.swift in Sources */,
				C410B78922F5DBCA007C2822 /* UIViewExtensions.swift in Sources */,
				C47864C722F7041B0083C915 /* CurrentWeatherViewController.swift in Sources */,
				C4D7BAEF22F33ED200D6C3BF /* DarkSkyWeather.swift in Sources */,
				C410B78722F5744F007C2822 /* Placemark.swift in Sources */,
				C47864BD22F6F8410083C915 /* UIImageExtensions.swift in Sources */,
				C410B77922F5463B007C2822 /* CityTableViewController.swift in Sources */,
				C477332722F1CEC700EC1D2A /* Weather.swift in Sources */,
				C47864C322F7026A0083C915 /* WeatherViewController.swift in Sources */,
				C477333122F1D34F00EC1D2A /* APIProtocols.swift in Sources */,
				C4F745BC22F3E966000E6A2A /* CitySearchViewController.swift in Sources */,
				C4B3FB3322F8576C00BFDD10 /* CityTableFooterView.swift in Sources */,
				C47864D122F71F700083C915 /* Defaults.swift in Sources */,
				C477333C22F1DB0700EC1D2A /* Coordinate.swift in Sources */,
				C410B75822F44C2E007C2822 /* UIViewControllerExtensions.swift in Sources */,
				C477333A22F1D70100EC1D2A /* DarkSkyURL.swift in Sources */,
				C477332522F1C7CA00EC1D2A /* ForecastCenter.swift in Sources */,
				C410B76F22F52A4B007C2822 /* UIColorExtensions.swift in Sources */,
				C410B78422F56C7D007C2822 /* DateLabel.swift in Sources */,
				C4F745C322F3EB31000E6A2A /* CitySearchTableViewCell.swift in Sources */,
				C4D0F08522F7E04A005A039F /* LoadingView.swift in Sources */,
				C410B76B22F48E09007C2822 /* PageControl.swift in Sources */,
				C47732E822F1C1F600EC1D2A /* AppDelegate.swift in Sources */,
				C4D7BAE822F2FD7A00D6C3BF /* DarkSky+APIProtocols.swift in Sources */,
				C4D7BAE522F2F73E00D6C3BF /* APIError.swift in Sources */,
				C410B78222F56570007C2822 /* DateExtensions.swift in Sources */,
				C47864CE22F706660083C915 /* CurrentWeatherInfoViewController.swift in Sources */,
			);
			runOnlyForDeploymentPostprocessing = 0;
		};
		C47732F422F1C1F700EC1D2A /* Sources */ = {
			isa = PBXSourcesBuildPhase;
			buildActionMask = 2147483647;
			files = (
				C47732FD22F1C1F700EC1D2A /* WeatherTests.swift in Sources */,
			);
			runOnlyForDeploymentPostprocessing = 0;
		};
/* End PBXSourcesBuildPhase section */

/* Begin PBXTargetDependency section */
		C47732FA22F1C1F700EC1D2A /* PBXTargetDependency */ = {
			isa = PBXTargetDependency;
			target = C47732E322F1C1F600EC1D2A /* Weather */;
			targetProxy = C47732F922F1C1F700EC1D2A /* PBXContainerItemProxy */;
		};
/* End PBXTargetDependency section */

/* Begin PBXVariantGroup section */
		C47732EB22F1C1F600EC1D2A /* Main.storyboard */ = {
			isa = PBXVariantGroup;
			children = (
				C47732EC22F1C1F600EC1D2A /* Base */,
			);
			name = Main.storyboard;
			sourceTree = "<group>";
		};
		C47732F022F1C1F700EC1D2A /* LaunchScreen.storyboard */ = {
			isa = PBXVariantGroup;
			children = (
				C47732F122F1C1F700EC1D2A /* Base */,
			);
			name = LaunchScreen.storyboard;
			sourceTree = "<group>";
		};
/* End PBXVariantGroup section */

/* Begin XCBuildConfiguration section */
		C47732FF22F1C1F700EC1D2A /* Debug */ = {
			isa = XCBuildConfiguration;
			buildSettings = {
				ALWAYS_SEARCH_USER_PATHS = NO;
				CLANG_ANALYZER_NONNULL = YES;
				CLANG_ANALYZER_NUMBER_OBJECT_CONVERSION = YES_AGGRESSIVE;
				CLANG_CXX_LANGUAGE_STANDARD = "gnu++14";
				CLANG_CXX_LIBRARY = "libc++";
				CLANG_ENABLE_MODULES = YES;
				CLANG_ENABLE_OBJC_ARC = YES;
				CLANG_ENABLE_OBJC_WEAK = YES;
				CLANG_WARN_BLOCK_CAPTURE_AUTORELEASING = YES;
				CLANG_WARN_BOOL_CONVERSION = YES;
				CLANG_WARN_COMMA = YES;
				CLANG_WARN_CONSTANT_CONVERSION = YES;
				CLANG_WARN_DEPRECATED_OBJC_IMPLEMENTATIONS = YES;
				CLANG_WARN_DIRECT_OBJC_ISA_USAGE = YES_ERROR;
				CLANG_WARN_DOCUMENTATION_COMMENTS = YES;
				CLANG_WARN_EMPTY_BODY = YES;
				CLANG_WARN_ENUM_CONVERSION = YES;
				CLANG_WARN_INFINITE_RECURSION = YES;
				CLANG_WARN_INT_CONVERSION = YES;
				CLANG_WARN_NON_LITERAL_NULL_CONVERSION = YES;
				CLANG_WARN_OBJC_IMPLICIT_RETAIN_SELF = YES;
				CLANG_WARN_OBJC_LITERAL_CONVERSION = YES;
				CLANG_WARN_OBJC_ROOT_CLASS = YES_ERROR;
				CLANG_WARN_RANGE_LOOP_ANALYSIS = YES;
				CLANG_WARN_STRICT_PROTOTYPES = YES;
				CLANG_WARN_SUSPICIOUS_MOVE = YES;
				CLANG_WARN_UNGUARDED_AVAILABILITY = YES_AGGRESSIVE;
				CLANG_WARN_UNREACHABLE_CODE = YES;
				CLANG_WARN__DUPLICATE_METHOD_MATCH = YES;
				CODE_SIGN_IDENTITY = "iPhone Developer";
				COPY_PHASE_STRIP = NO;
				DEBUG_INFORMATION_FORMAT = dwarf;
				ENABLE_STRICT_OBJC_MSGSEND = YES;
				ENABLE_TESTABILITY = YES;
				GCC_C_LANGUAGE_STANDARD = gnu11;
				GCC_DYNAMIC_NO_PIC = NO;
				GCC_NO_COMMON_BLOCKS = YES;
				GCC_OPTIMIZATION_LEVEL = 0;
				GCC_PREPROCESSOR_DEFINITIONS = (
					"DEBUG=1",
					"$(inherited)",
				);
				GCC_WARN_64_TO_32_BIT_CONVERSION = YES;
				GCC_WARN_ABOUT_RETURN_TYPE = YES_ERROR;
				GCC_WARN_UNDECLARED_SELECTOR = YES;
				GCC_WARN_UNINITIALIZED_AUTOS = YES_AGGRESSIVE;
				GCC_WARN_UNUSED_FUNCTION = YES;
				GCC_WARN_UNUSED_VARIABLE = YES;
				IPHONEOS_DEPLOYMENT_TARGET = 12.2;
				MTL_ENABLE_DEBUG_INFO = INCLUDE_SOURCE;
				MTL_FAST_MATH = YES;
				ONLY_ACTIVE_ARCH = YES;
				SDKROOT = iphoneos;
				SWIFT_ACTIVE_COMPILATION_CONDITIONS = DEBUG;
				SWIFT_OPTIMIZATION_LEVEL = "-Onone";
			};
			name = Debug;
		};
		C477330022F1C1F700EC1D2A /* Release */ = {
			isa = XCBuildConfiguration;
			buildSettings = {
				ALWAYS_SEARCH_USER_PATHS = NO;
				CLANG_ANALYZER_NONNULL = YES;
				CLANG_ANALYZER_NUMBER_OBJECT_CONVERSION = YES_AGGRESSIVE;
				CLANG_CXX_LANGUAGE_STANDARD = "gnu++14";
				CLANG_CXX_LIBRARY = "libc++";
				CLANG_ENABLE_MODULES = YES;
				CLANG_ENABLE_OBJC_ARC = YES;
				CLANG_ENABLE_OBJC_WEAK = YES;
				CLANG_WARN_BLOCK_CAPTURE_AUTORELEASING = YES;
				CLANG_WARN_BOOL_CONVERSION = YES;
				CLANG_WARN_COMMA = YES;
				CLANG_WARN_CONSTANT_CONVERSION = YES;
				CLANG_WARN_DEPRECATED_OBJC_IMPLEMENTATIONS = YES;
				CLANG_WARN_DIRECT_OBJC_ISA_USAGE = YES_ERROR;
				CLANG_WARN_DOCUMENTATION_COMMENTS = YES;
				CLANG_WARN_EMPTY_BODY = YES;
				CLANG_WARN_ENUM_CONVERSION = YES;
				CLANG_WARN_INFINITE_RECURSION = YES;
				CLANG_WARN_INT_CONVERSION = YES;
				CLANG_WARN_NON_LITERAL_NULL_CONVERSION = YES;
				CLANG_WARN_OBJC_IMPLICIT_RETAIN_SELF = YES;
				CLANG_WARN_OBJC_LITERAL_CONVERSION = YES;
				CLANG_WARN_OBJC_ROOT_CLASS = YES_ERROR;
				CLANG_WARN_RANGE_LOOP_ANALYSIS = YES;
				CLANG_WARN_STRICT_PROTOTYPES = YES;
				CLANG_WARN_SUSPICIOUS_MOVE = YES;
				CLANG_WARN_UNGUARDED_AVAILABILITY = YES_AGGRESSIVE;
				CLANG_WARN_UNREACHABLE_CODE = YES;
				CLANG_WARN__DUPLICATE_METHOD_MATCH = YES;
				CODE_SIGN_IDENTITY = "iPhone Developer";
				COPY_PHASE_STRIP = NO;
				DEBUG_INFORMATION_FORMAT = "dwarf-with-dsym";
				ENABLE_NS_ASSERTIONS = NO;
				ENABLE_STRICT_OBJC_MSGSEND = YES;
				GCC_C_LANGUAGE_STANDARD = gnu11;
				GCC_NO_COMMON_BLOCKS = YES;
				GCC_WARN_64_TO_32_BIT_CONVERSION = YES;
				GCC_WARN_ABOUT_RETURN_TYPE = YES_ERROR;
				GCC_WARN_UNDECLARED_SELECTOR = YES;
				GCC_WARN_UNINITIALIZED_AUTOS = YES_AGGRESSIVE;
				GCC_WARN_UNUSED_FUNCTION = YES;
				GCC_WARN_UNUSED_VARIABLE = YES;
				IPHONEOS_DEPLOYMENT_TARGET = 12.2;
				MTL_ENABLE_DEBUG_INFO = NO;
				MTL_FAST_MATH = YES;
				SDKROOT = iphoneos;
				SWIFT_COMPILATION_MODE = wholemodule;
				SWIFT_OPTIMIZATION_LEVEL = "-O";
				VALIDATE_PRODUCT = YES;
			};
			name = Release;
		};
		C477330222F1C1F700EC1D2A /* Debug */ = {
			isa = XCBuildConfiguration;
			buildSettings = {
				ASSETCATALOG_COMPILER_APPICON_NAME = AppIcon;
				CODE_SIGN_STYLE = Automatic;
				DEVELOPMENT_TEAM = 4HQ6PG585Q;
				INFOPLIST_FILE = Weather/Info.plist;
				LD_RUNPATH_SEARCH_PATHS = (
					"$(inherited)",
					"@executable_path/Frameworks",
				);
				PRODUCT_BUNDLE_IDENTIFIER = com.chk.Weather;
				PRODUCT_NAME = "$(TARGET_NAME)";
				SWIFT_VERSION = 4.2;
				TARGETED_DEVICE_FAMILY = "1,2";
			};
			name = Debug;
		};
		C477330322F1C1F700EC1D2A /* Release */ = {
			isa = XCBuildConfiguration;
			buildSettings = {
				ASSETCATALOG_COMPILER_APPICON_NAME = AppIcon;
				CODE_SIGN_STYLE = Automatic;
				DEVELOPMENT_TEAM = 4HQ6PG585Q;
				INFOPLIST_FILE = Weather/Info.plist;
				LD_RUNPATH_SEARCH_PATHS = (
					"$(inherited)",
					"@executable_path/Frameworks",
				);
				PRODUCT_BUNDLE_IDENTIFIER = com.chk.Weather;
				PRODUCT_NAME = "$(TARGET_NAME)";
				SWIFT_VERSION = 4.2;
				TARGETED_DEVICE_FAMILY = "1,2";
			};
			name = Release;
		};
		C477330522F1C1F700EC1D2A /* Debug */ = {
			isa = XCBuildConfiguration;
			buildSettings = {
				ALWAYS_EMBED_SWIFT_STANDARD_LIBRARIES = YES;
				BUNDLE_LOADER = "$(TEST_HOST)";
				CODE_SIGN_STYLE = Automatic;
				INFOPLIST_FILE = WeatherTests/Info.plist;
				LD_RUNPATH_SEARCH_PATHS = (
					"$(inherited)",
					"@executable_path/Frameworks",
					"@loader_path/Frameworks",
				);
				PRODUCT_BUNDLE_IDENTIFIER = com.chk.WeatherTests;
				PRODUCT_NAME = "$(TARGET_NAME)";
				SWIFT_VERSION = 5.0;
				TARGETED_DEVICE_FAMILY = "1,2";
				TEST_HOST = "$(BUILT_PRODUCTS_DIR)/Weather.app/Weather";
			};
			name = Debug;
		};
		C477330622F1C1F700EC1D2A /* Release */ = {
			isa = XCBuildConfiguration;
			buildSettings = {
				ALWAYS_EMBED_SWIFT_STANDARD_LIBRARIES = YES;
				BUNDLE_LOADER = "$(TEST_HOST)";
				CODE_SIGN_STYLE = Automatic;
				INFOPLIST_FILE = WeatherTests/Info.plist;
				LD_RUNPATH_SEARCH_PATHS = (
					"$(inherited)",
					"@executable_path/Frameworks",
					"@loader_path/Frameworks",
				);
				PRODUCT_BUNDLE_IDENTIFIER = com.chk.WeatherTests;
				PRODUCT_NAME = "$(TARGET_NAME)";
				SWIFT_VERSION = 5.0;
				TARGETED_DEVICE_FAMILY = "1,2";
				TEST_HOST = "$(BUILT_PRODUCTS_DIR)/Weather.app/Weather";
			};
			name = Release;
		};
/* End XCBuildConfiguration section */

/* Begin XCConfigurationList section */
		C47732DF22F1C1F600EC1D2A /* Build configuration list for PBXProject "Weather" */ = {
			isa = XCConfigurationList;
			buildConfigurations = (
				C47732FF22F1C1F700EC1D2A /* Debug */,
				C477330022F1C1F700EC1D2A /* Release */,
			);
			defaultConfigurationIsVisible = 0;
			defaultConfigurationName = Release;
		};
		C477330122F1C1F700EC1D2A /* Build configuration list for PBXNativeTarget "Weather" */ = {
			isa = XCConfigurationList;
			buildConfigurations = (
				C477330222F1C1F700EC1D2A /* Debug */,
				C477330322F1C1F700EC1D2A /* Release */,
			);
			defaultConfigurationIsVisible = 0;
			defaultConfigurationName = Release;
		};
		C477330422F1C1F700EC1D2A /* Build configuration list for PBXNativeTarget "WeatherTests" */ = {
			isa = XCConfigurationList;
			buildConfigurations = (
				C477330522F1C1F700EC1D2A /* Debug */,
				C477330622F1C1F700EC1D2A /* Release */,
			);
			defaultConfigurationIsVisible = 0;
			defaultConfigurationName = Release;
		};
/* End XCConfigurationList section */
	};
	rootObject = C47732DC22F1C1F600EC1D2A /* Project object */;
}
